
Microsoft Visual Studio Solution File, Format Version 12.00
# Visual Studio Version 17
VisualStudioVersion = 17.0.31611.283
MinimumVisualStudioVersion = 10.0.40219.1
Project("{2150E333-8FDC-42A3-9474-1A3956D46DE8}") = "ConsoleDemos", "ConsoleDemos", "{BA3AD488-5BF9-4CDC-83B1-D6F8A2C2D82D}"
EndProject
Project("{2150E333-8FDC-42A3-9474-1A3956D46DE8}") = "Tests", "Tests", "{7BAF5261-8F0A-49DE-820F-D5E825A32F25}"
EndProject
Project("{2150E333-8FDC-42A3-9474-1A3956D46DE8}") = "PackageLogistics", "PackageLogistics", "{FF66526E-FBED-43B2-ACBD-9461B259DE62}"
EndProject
Project("{9A19103F-16F7-4668-BE54-9A1E7A4F7556}") = "ScanForClients", "PacketLogistic\ConsoleDemos\ScanForClients\ScanForClients.csproj", "{2999BC95-3202-46D8-AD3C-DCC718F3901A}"
EndProject
Project("{9A19103F-16F7-4668-BE54-9A1E7A4F7556}") = "PacketLogisticsTests", "PacketLogistic\PacketLogisticsTests\PacketLogisticsTests.csproj", "{B77C798B-78C4-4ADC-A447-8DA28AC6B26E}"
EndProject
Project("{9A19103F-16F7-4668-BE54-9A1E7A4F7556}") = "PacketLogistics", "PacketLogistic\PacketLogistics\PacketLogistics.csproj", "{20C5BD3A-71DD-4567-A5D2-9BB14C0595E5}"
EndProject
Project("{9A19103F-16F7-4668-BE54-9A1E7A4F7556}") = "SendDemoMessagesToAllClients", "PacketLogistic\ConsoleDemos\SendDemoMessagesToAllClients\SendDemoMessagesToAllClients.csproj", "{079CB077-3151-40B9-9E68-94D4BF14AECE}"
EndProject
Project("{9A19103F-16F7-4668-BE54-9A1E7A4F7556}") = "Awb.Core", "Awb.Core\Awb.Core.csproj", "{DB872A5F-A8CA-4703-B8C6-6354440B3C38}"
EndProject
Project("{2150E333-8FDC-42A3-9474-1A3956D46DE8}") = "Demos", "Demos", "{64D62727-61D5-44FF-8597-925CF10DD1B0}"
EndProject
Project("{9A19103F-16F7-4668-BE54-9A1E7A4F7556}") = "ScanForClientIds", "Demos\ScanForClientIds\ScanForClientIds.csproj", "{74DD8192-00EA-41D3-B4FA-C896691D9DF1}"
EndProject
Project("{9A19103F-16F7-4668-BE54-9A1E7A4F7556}") = "ManualTimelineDemo", "Demos\ManualTimelineDemo\ManualTimelineDemo.csproj", "{1DD4041D-2ECB-462A-82CE-9AD8F8711E35}"
EndProject
Project("{9A19103F-16F7-4668-BE54-9A1E7A4F7556}") = "AwbStudio", "AwbStudio\AwbStudio.csproj", "{C5B05D7F-044B-4091-A206-A3EE00CB8318}"
EndProject
Project("{9A19103F-16F7-4668-BE54-9A1E7A4F7556}") = "MidiControllerLiveControl", "Demos\MidiControllerLiveControl\MidiControllerLiveControl.csproj", "{08F7C721-E23C-4D68-8A3F-CAD5716CDF1C}"
EndProject
Project("{9A19103F-16F7-4668-BE54-9A1E7A4F7556}") = "CenterAllServos", "Demos\CenterAllServos\CenterAllServos.csproj", "{A5AC91B4-3016-4BB9-82B6-E53BED659DED}"
EndProject
Project("{9A19103F-16F7-4668-BE54-9A1E7A4F7556}") = "MidiDeviceScanner", "Demos\MidiDeviceScanner\MidiDeviceScanner.csproj", "{7F9BF8C9-3536-46CB-B425-E6552016DC8A}"
EndProject
Project("{FAE04EC0-301F-11D3-BF4B-00C04F79EFBC}") = "Awb.CoreTests", "Awb.CoreTests\Awb.CoreTests.csproj", "{3CD35D5E-E003-473A-8A6D-D48203ED0E48}"
EndProject
Project("{FAE04EC0-301F-11D3-BF4B-00C04F79EFBC}") = "NLayer.NAudioSupport", "ThirdParty\NLayer\NLayer.NAudioSupport\NLayer.NAudioSupport.csproj", "{E0FD057A-3637-874A-15D3-8B7CA2E01CD4}"
EndProject
Project("{2150E333-8FDC-42A3-9474-1A3956D46DE8}") = "ThirdParty", "ThirdParty", "{02EA681E-C7D8-13C7-8484-4AC65E1B71E8}"
EndProject
Project("{FAE04EC0-301F-11D3-BF4B-00C04F79EFBC}") = "NLayer", "ThirdParty\NLayer\NLayer\NLayer.csproj", "{DA99BACD-1A21-7753-3148-73E96D9160E0}"
EndProject
Global
	GlobalSection(SolutionConfigurationPlatforms) = preSolution
		Debug|Any CPU = Debug|Any CPU
		Release|Any CPU = Release|Any CPU
	EndGlobalSection
	GlobalSection(ProjectConfigurationPlatforms) = postSolution
		{2999BC95-3202-46D8-AD3C-DCC718F3901A}.Debug|Any CPU.ActiveCfg = Debug|Any CPU
		{2999BC95-3202-46D8-AD3C-DCC718F3901A}.Debug|Any CPU.Build.0 = Debug|Any CPU
		{2999BC95-3202-46D8-AD3C-DCC718F3901A}.Release|Any CPU.ActiveCfg = Release|Any CPU
		{2999BC95-3202-46D8-AD3C-DCC718F3901A}.Release|Any CPU.Build.0 = Release|Any CPU
		{B77C798B-78C4-4ADC-A447-8DA28AC6B26E}.Debug|Any CPU.ActiveCfg = Debug|Any CPU
		{B77C798B-78C4-4ADC-A447-8DA28AC6B26E}.Debug|Any CPU.Build.0 = Debug|Any CPU
		{B77C798B-78C4-4ADC-A447-8DA28AC6B26E}.Release|Any CPU.ActiveCfg = Release|Any CPU
		{B77C798B-78C4-4ADC-A447-8DA28AC6B26E}.Release|Any CPU.Build.0 = Release|Any CPU
		{20C5BD3A-71DD-4567-A5D2-9BB14C0595E5}.Debug|Any CPU.ActiveCfg = Debug|Any CPU
		{20C5BD3A-71DD-4567-A5D2-9BB14C0595E5}.Debug|Any CPU.Build.0 = Debug|Any CPU
		{20C5BD3A-71DD-4567-A5D2-9BB14C0595E5}.Release|Any CPU.ActiveCfg = Release|Any CPU
		{20C5BD3A-71DD-4567-A5D2-9BB14C0595E5}.Release|Any CPU.Build.0 = Release|Any CPU
		{079CB077-3151-40B9-9E68-94D4BF14AECE}.Debug|Any CPU.ActiveCfg = Debug|Any CPU
		{079CB077-3151-40B9-9E68-94D4BF14AECE}.Debug|Any CPU.Build.0 = Debug|Any CPU
		{079CB077-3151-40B9-9E68-94D4BF14AECE}.Release|Any CPU.ActiveCfg = Release|Any CPU
		{079CB077-3151-40B9-9E68-94D4BF14AECE}.Release|Any CPU.Build.0 = Release|Any CPU
		{DB872A5F-A8CA-4703-B8C6-6354440B3C38}.Debug|Any CPU.ActiveCfg = Debug|Any CPU
		{DB872A5F-A8CA-4703-B8C6-6354440B3C38}.Debug|Any CPU.Build.0 = Debug|Any CPU
		{DB872A5F-A8CA-4703-B8C6-6354440B3C38}.Release|Any CPU.ActiveCfg = Release|Any CPU
		{DB872A5F-A8CA-4703-B8C6-6354440B3C38}.Release|Any CPU.Build.0 = Release|Any CPU
		{74DD8192-00EA-41D3-B4FA-C896691D9DF1}.Debug|Any CPU.ActiveCfg = Debug|Any CPU
		{74DD8192-00EA-41D3-B4FA-C896691D9DF1}.Debug|Any CPU.Build.0 = Debug|Any CPU
		{74DD8192-00EA-41D3-B4FA-C896691D9DF1}.Release|Any CPU.ActiveCfg = Release|Any CPU
		{74DD8192-00EA-41D3-B4FA-C896691D9DF1}.Release|Any CPU.Build.0 = Release|Any CPU
		{1DD4041D-2ECB-462A-82CE-9AD8F8711E35}.Debug|Any CPU.ActiveCfg = Debug|Any CPU
		{1DD4041D-2ECB-462A-82CE-9AD8F8711E35}.Debug|Any CPU.Build.0 = Debug|Any CPU
		{1DD4041D-2ECB-462A-82CE-9AD8F8711E35}.Release|Any CPU.ActiveCfg = Release|Any CPU
		{1DD4041D-2ECB-462A-82CE-9AD8F8711E35}.Release|Any CPU.Build.0 = Release|Any CPU
		{C5B05D7F-044B-4091-A206-A3EE00CB8318}.Debug|Any CPU.ActiveCfg = Debug|Any CPU
		{C5B05D7F-044B-4091-A206-A3EE00CB8318}.Debug|Any CPU.Build.0 = Debug|Any CPU
		{C5B05D7F-044B-4091-A206-A3EE00CB8318}.Release|Any CPU.ActiveCfg = Release|Any CPU
		{C5B05D7F-044B-4091-A206-A3EE00CB8318}.Release|Any CPU.Build.0 = Release|Any CPU
		{08F7C721-E23C-4D68-8A3F-CAD5716CDF1C}.Debug|Any CPU.ActiveCfg = Debug|Any CPU
		{08F7C721-E23C-4D68-8A3F-CAD5716CDF1C}.Debug|Any CPU.Build.0 = Debug|Any CPU
		{08F7C721-E23C-4D68-8A3F-CAD5716CDF1C}.Release|Any CPU.ActiveCfg = Release|Any CPU
		{08F7C721-E23C-4D68-8A3F-CAD5716CDF1C}.Release|Any CPU.Build.0 = Release|Any CPU
		{A5AC91B4-3016-4BB9-82B6-E53BED659DED}.Debug|Any CPU.ActiveCfg = Debug|Any CPU
		{A5AC91B4-3016-4BB9-82B6-E53BED659DED}.Debug|Any CPU.Build.0 = Debug|Any CPU
		{A5AC91B4-3016-4BB9-82B6-E53BED659DED}.Release|Any CPU.ActiveCfg = Release|Any CPU
		{A5AC91B4-3016-4BB9-82B6-E53BED659DED}.Release|Any CPU.Build.0 = Release|Any CPU
		{7F9BF8C9-3536-46CB-B425-E6552016DC8A}.Debug|Any CPU.ActiveCfg = Debug|Any CPU
		{7F9BF8C9-3536-46CB-B425-E6552016DC8A}.Debug|Any CPU.Build.0 = Debug|Any CPU
		{7F9BF8C9-3536-46CB-B425-E6552016DC8A}.Release|Any CPU.ActiveCfg = Release|Any CPU
		{7F9BF8C9-3536-46CB-B425-E6552016DC8A}.Release|Any CPU.Build.0 = Release|Any CPU
		{3CD35D5E-E003-473A-8A6D-D48203ED0E48}.Debug|Any CPU.ActiveCfg = Debug|Any CPU
		{3CD35D5E-E003-473A-8A6D-D48203ED0E48}.Debug|Any CPU.Build.0 = Debug|Any CPU
		{3CD35D5E-E003-473A-8A6D-D48203ED0E48}.Release|Any CPU.ActiveCfg = Release|Any CPU
		{3CD35D5E-E003-473A-8A6D-D48203ED0E48}.Release|Any CPU.Build.0 = Release|Any CPU
		{E0FD057A-3637-874A-15D3-8B7CA2E01CD4}.Debug|Any CPU.ActiveCfg = Debug|Any CPU
		{E0FD057A-3637-874A-15D3-8B7CA2E01CD4}.Debug|Any CPU.Build.0 = Debug|Any CPU
		{E0FD057A-3637-874A-15D3-8B7CA2E01CD4}.Release|Any CPU.ActiveCfg = Release|Any CPU
		{E0FD057A-3637-874A-15D3-8B7CA2E01CD4}.Release|Any CPU.Build.0 = Release|Any CPU
		{DA99BACD-1A21-7753-3148-73E96D9160E0}.Debug|Any CPU.ActiveCfg = Debug|Any CPU
		{DA99BACD-1A21-7753-3148-73E96D9160E0}.Debug|Any CPU.Build.0 = Debug|Any CPU
		{DA99BACD-1A21-7753-3148-73E96D9160E0}.Release|Any CPU.ActiveCfg = Release|Any CPU
		{DA99BACD-1A21-7753-3148-73E96D9160E0}.Release|Any CPU.Build.0 = Release|Any CPU
	EndGlobalSection
	GlobalSection(SolutionProperties) = preSolution
		HideSolutionNode = FALSE
	EndGlobalSection
	GlobalSection(NestedProjects) = preSolution
		{BA3AD488-5BF9-4CDC-83B1-D6F8A2C2D82D} = {FF66526E-FBED-43B2-ACBD-9461B259DE62}
		{7BAF5261-8F0A-49DE-820F-D5E825A32F25} = {FF66526E-FBED-43B2-ACBD-9461B259DE62}
		{2999BC95-3202-46D8-AD3C-DCC718F3901A} = {BA3AD488-5BF9-4CDC-83B1-D6F8A2C2D82D}
		{B77C798B-78C4-4ADC-A447-8DA28AC6B26E} = {7BAF5261-8F0A-49DE-820F-D5E825A32F25}
		{20C5BD3A-71DD-4567-A5D2-9BB14C0595E5} = {FF66526E-FBED-43B2-ACBD-9461B259DE62}
		{079CB077-3151-40B9-9E68-94D4BF14AECE} = {BA3AD488-5BF9-4CDC-83B1-D6F8A2C2D82D}
		{74DD8192-00EA-41D3-B4FA-C896691D9DF1} = {64D62727-61D5-44FF-8597-925CF10DD1B0}
		{1DD4041D-2ECB-462A-82CE-9AD8F8711E35} = {64D62727-61D5-44FF-8597-925CF10DD1B0}
		{08F7C721-E23C-4D68-8A3F-CAD5716CDF1C} = {64D62727-61D5-44FF-8597-925CF10DD1B0}
		{A5AC91B4-3016-4BB9-82B6-E53BED659DED} = {64D62727-61D5-44FF-8597-925CF10DD1B0}
		{7F9BF8C9-3536-46CB-B425-E6552016DC8A} = {64D62727-61D5-44FF-8597-925CF10DD1B0}
		{E0FD057A-3637-874A-15D3-8B7CA2E01CD4} = {02EA681E-C7D8-13C7-8484-4AC65E1B71E8}
		{DA99BACD-1A21-7753-3148-73E96D9160E0} = {02EA681E-C7D8-13C7-8484-4AC65E1B71E8}
	EndGlobalSection
	GlobalSection(ExtensibilityGlobals) = postSolution
		SolutionGuid = {61F7FB11-1E47-470C-91E2-47F8143E1572}
	EndGlobalSection
EndGlobal
